
Microsoft Visual Studio Solution File, Format Version 12.00
# Visual Studio Version 16
VisualStudioVersion = 25.0.1706.12
MinimumVisualStudioVersion = 10.0.40219.1
Project("{FAE04EC0-301F-11D3-BF4B-00C04F79EFBC}") = "200569850", "200569850\200569850.csproj", "{7FE5D1BD-0B50-4A2D-8BA3-860D6C416E92}"
EndProject
Project("{2150E333-8FDC-42A3-9474-1A3956D46DE8}") = "Solution Items", "Solution Items", "{F7DC1BB4-CAD2-46C1-84F3-72B10D2AFEBE}"
	ProjectSection(SolutionItems) = preProject
		Data.config = Data.config
		Data.txt = Data.txt
	EndProjectSection
EndProject
Global
	GlobalSection(SolutionConfigurationPlatforms) = preSolution
		Debug|Any CPU = Debug|Any CPU
		Release|Any CPU = Release|Any CPU
	EndGlobalSection
	GlobalSection(ProjectConfigurationPlatforms) = postSolution
		{7FE5D1BD-0B50-4A2D-8BA3-860D6C416E92}.Debug|Any CPU.ActiveCfg = Debug|Any CPU
		{7FE5D1BD-0B50-4A2D-8BA3-860D6C416E92}.Debug|Any CPU.Build.0 = Debug|Any CPU
		{7FE5D1BD-0B50-4A2D-8BA3-860D6C416E92}.Release|Any CPU.ActiveCfg = Release|Any CPU
		{7FE5D1BD-0B50-4A2D-8BA3-860D6C416E92}.Release|Any CPU.Build.0 = Release|Any CPU
	EndGlobalSection
	GlobalSection(SolutionProperties) = preSolution
		HideSolutionNode = FALSE
	EndGlobalSection
	GlobalSection(ExtensibilityGlobals) = postSolution
		SolutionGuid = {8E321DE3-71DE-4D4B-BBEE-CF3BBAD3DB8D}
	EndGlobalSection
EndGlobal
